// !$*UTF8*$!
{
	archiveVersion = 1;
	classes = {
	};
	objectVersion = 55;
	objects = {

/* Begin PBXBuildFile section */
		AA11F66D28ED017600D6567E /* bored_nerdsApp.swift in Sources */ = {isa = PBXBuildFile; fileRef = AA11F66C28ED017600D6567E /* bored_nerdsApp.swift */; };
		AA11F66F28ED017600D6567E /* ContentView.swift in Sources */ = {isa = PBXBuildFile; fileRef = AA11F66E28ED017600D6567E /* ContentView.swift */; };
		AA11F67128ED018100D6567E /* Assets.xcassets in Resources */ = {isa = PBXBuildFile; fileRef = AA11F67028ED018100D6567E /* Assets.xcassets */; };
		AA11F67E28ED018300D6567E /* bored_nerdsTests.swift in Sources */ = {isa = PBXBuildFile; fileRef = AA11F67D28ED018300D6567E /* bored_nerdsTests.swift */; };
		AA11F68828ED018300D6567E /* bored_nerdsUITests.swift in Sources */ = {isa = PBXBuildFile; fileRef = AA11F68728ED018300D6567E /* bored_nerdsUITests.swift */; };
		AA11F68A28ED018300D6567E /* bored_nerdsUITestsLaunchTests.swift in Sources */ = {isa = PBXBuildFile; fileRef = AA11F68928ED018300D6567E /* bored_nerdsUITestsLaunchTests.swift */; };
		AA4C1B8A28EE609C001D274A /* About.swift in Sources */ = {isa = PBXBuildFile; fileRef = AA4C1B8928EE609C001D274A /* About.swift */; };
		AA4C1B8C28EE60B8001D274A /* Settings.swift in Sources */ = {isa = PBXBuildFile; fileRef = AA4C1B8B28EE60B8001D274A /* Settings.swift */; };
		AA4C1B8E28EE60D0001D274A /* Playground.swift in Sources */ = {isa = PBXBuildFile; fileRef = AA4C1B8D28EE60D0001D274A /* Playground.swift */; };
		AA527C0028F61137006C7EC8 /* Toolkit.swift in Sources */ = {isa = PBXBuildFile; fileRef = AA527BFF28F61136006C7EC8 /* Toolkit.swift */; };
		AAE68CC328FFAAE6000E3598 /* SwiftUICharts in Frameworks */ = {isa = PBXBuildFile; productRef = AAE68CC228FFAAE6000E3598 /* SwiftUICharts */; };
/* End PBXBuildFile section */

/* Begin PBXContainerItemProxy section */
		AA11F67A28ED018300D6567E /* PBXContainerItemProxy */ = {
			isa = PBXContainerItemProxy;
			containerPortal = AA11F66128ED017500D6567E /* Project object */;
			proxyType = 1;
			remoteGlobalIDString = AA11F66828ED017500D6567E;
			remoteInfo = "bored nerds";
		};
		AA11F68428ED018300D6567E /* PBXContainerItemProxy */ = {
			isa = PBXContainerItemProxy;
			containerPortal = AA11F66128ED017500D6567E /* Project object */;
			proxyType = 1;
			remoteGlobalIDString = AA11F66828ED017500D6567E;
			remoteInfo = "bored nerds";
		};
/* End PBXContainerItemProxy section */

/* Begin PBXFileReference section */
		AA11F66928ED017600D6567E /* bored nerds.app */ = {isa = PBXFileReference; explicitFileType = wrapper.application; includeInIndex = 0; path = "bored nerds.app"; sourceTree = BUILT_PRODUCTS_DIR; };
		AA11F66C28ED017600D6567E /* bored_nerdsApp.swift */ = {isa = PBXFileReference; lastKnownFileType = sourcecode.swift; path = bored_nerdsApp.swift; sourceTree = "<group>"; };
		AA11F66E28ED017600D6567E /* ContentView.swift */ = {isa = PBXFileReference; lastKnownFileType = sourcecode.swift; path = ContentView.swift; sourceTree = "<group>"; };
		AA11F67028ED018100D6567E /* Assets.xcassets */ = {isa = PBXFileReference; lastKnownFileType = folder.assetcatalog; path = Assets.xcassets; sourceTree = "<group>"; };
		AA11F67928ED018300D6567E /* bored nerdsTests.xctest */ = {isa = PBXFileReference; explicitFileType = wrapper.cfbundle; includeInIndex = 0; path = "bored nerdsTests.xctest"; sourceTree = BUILT_PRODUCTS_DIR; };
		AA11F67D28ED018300D6567E /* bored_nerdsTests.swift */ = {isa = PBXFileReference; lastKnownFileType = sourcecode.swift; path = bored_nerdsTests.swift; sourceTree = "<group>"; };
		AA11F68328ED018300D6567E /* bored nerdsUITests.xctest */ = {isa = PBXFileReference; explicitFileType = wrapper.cfbundle; includeInIndex = 0; path = "bored nerdsUITests.xctest"; sourceTree = BUILT_PRODUCTS_DIR; };
		AA11F68728ED018300D6567E /* bored_nerdsUITests.swift */ = {isa = PBXFileReference; lastKnownFileType = sourcecode.swift; path = bored_nerdsUITests.swift; sourceTree = "<group>"; };
		AA11F68928ED018300D6567E /* bored_nerdsUITestsLaunchTests.swift */ = {isa = PBXFileReference; lastKnownFileType = sourcecode.swift; path = bored_nerdsUITestsLaunchTests.swift; sourceTree = "<group>"; };
		AA4C1B8928EE609C001D274A /* About.swift */ = {isa = PBXFileReference; lastKnownFileType = sourcecode.swift; path = About.swift; sourceTree = "<group>"; };
		AA4C1B8B28EE60B8001D274A /* Settings.swift */ = {isa = PBXFileReference; lastKnownFileType = sourcecode.swift; path = Settings.swift; sourceTree = "<group>"; };
		AA4C1B8D28EE60D0001D274A /* Playground.swift */ = {isa = PBXFileReference; lastKnownFileType = sourcecode.swift; path = Playground.swift; sourceTree = "<group>"; };
		AA527BFF28F61136006C7EC8 /* Toolkit.swift */ = {isa = PBXFileReference; lastKnownFileType = sourcecode.swift; path = Toolkit.swift; sourceTree = "<group>"; };
/* End PBXFileReference section */

/* Begin PBXFrameworksBuildPhase section */
		AA11F66628ED017500D6567E /* Frameworks */ = {
			isa = PBXFrameworksBuildPhase;
			buildActionMask = 2147483647;
			files = (
				AAE68CC328FFAAE6000E3598 /* SwiftUICharts in Frameworks */,
			);
			runOnlyForDeploymentPostprocessing = 0;
		};
		AA11F67628ED018300D6567E /* Frameworks */ = {
			isa = PBXFrameworksBuildPhase;
			buildActionMask = 2147483647;
			files = (
			);
			runOnlyForDeploymentPostprocessing = 0;
		};
		AA11F68028ED018300D6567E /* Frameworks */ = {
			isa = PBXFrameworksBuildPhase;
			buildActionMask = 2147483647;
			files = (
			);
			runOnlyForDeploymentPostprocessing = 0;
		};
/* End PBXFrameworksBuildPhase section */

/* Begin PBXGroup section */
		AA11F66028ED017500D6567E = {
			isa = PBXGroup;
			children = (
				AA11F66B28ED017600D6567E /* bored nerds */,
				AA11F67C28ED018300D6567E /* bored nerdsTests */,
				AA11F68628ED018300D6567E /* bored nerdsUITests */,
				AA11F66A28ED017600D6567E /* Products */,
			);
			sourceTree = "<group>";
		};
		AA11F66A28ED017600D6567E /* Products */ = {
			isa = PBXGroup;
			children = (
				AA11F66928ED017600D6567E /* bored nerds.app */,
				AA11F67928ED018300D6567E /* bored nerdsTests.xctest */,
				AA11F68328ED018300D6567E /* bored nerdsUITests.xctest */,
			);
			name = Products;
			sourceTree = "<group>";
		};
		AA11F66B28ED017600D6567E /* bored nerds */ = {
			isa = PBXGroup;
			children = (
				AA11F66C28ED017600D6567E /* bored_nerdsApp.swift */,
				AA11F66E28ED017600D6567E /* ContentView.swift */,
				AA4C1B8928EE609C001D274A /* About.swift */,
				AA4C1B8B28EE60B8001D274A /* Settings.swift */,
				AA4C1B8D28EE60D0001D274A /* Playground.swift */,
				AA11F67028ED018100D6567E /* Assets.xcassets */,
				AA527BFF28F61136006C7EC8 /* Toolkit.swift */,
			);
			path = "bored nerds";
			sourceTree = "<group>";
		};
		AA11F67C28ED018300D6567E /* bored nerdsTests */ = {
			isa = PBXGroup;
			children = (
				AA11F67D28ED018300D6567E /* bored_nerdsTests.swift */,
			);
			path = "bored nerdsTests";
			sourceTree = "<group>";
		};
		AA11F68628ED018300D6567E /* bored nerdsUITests */ = {
			isa = PBXGroup;
			children = (
				AA11F68728ED018300D6567E /* bored_nerdsUITests.swift */,
				AA11F68928ED018300D6567E /* bored_nerdsUITestsLaunchTests.swift */,
			);
			path = "bored nerdsUITests";
			sourceTree = "<group>";
		};
/* End PBXGroup section */

/* Begin PBXNativeTarget section */
		AA11F66828ED017500D6567E /* bored nerds */ = {
			isa = PBXNativeTarget;
			buildConfigurationList = AA11F68D28ED018300D6567E /* Build configuration list for PBXNativeTarget "bored nerds" */;
			buildPhases = (
				AA11F66528ED017500D6567E /* Sources */,
				AA11F66628ED017500D6567E /* Frameworks */,
				AA11F66728ED017500D6567E /* Resources */,
			);
			buildRules = (
			);
			dependencies = (
			);
			name = "bored nerds";
			packageProductDependencies = (
				AAE68CC228FFAAE6000E3598 /* SwiftUICharts */,
			);
			productName = "bored nerds";
			productReference = AA11F66928ED017600D6567E /* bored nerds.app */;
			productType = "com.apple.product-type.application";
		};
		AA11F67828ED018300D6567E /* bored nerdsTests */ = {
			isa = PBXNativeTarget;
			buildConfigurationList = AA11F69028ED018300D6567E /* Build configuration list for PBXNativeTarget "bored nerdsTests" */;
			buildPhases = (
				AA11F67528ED018300D6567E /* Sources */,
				AA11F67628ED018300D6567E /* Frameworks */,
				AA11F67728ED018300D6567E /* Resources */,
			);
			buildRules = (
			);
			dependencies = (
				AA11F67B28ED018300D6567E /* PBXTargetDependency */,
			);
			name = "bored nerdsTests";
			productName = "bored nerdsTests";
			productReference = AA11F67928ED018300D6567E /* bored nerdsTests.xctest */;
			productType = "com.apple.product-type.bundle.unit-test";
		};
		AA11F68228ED018300D6567E /* bored nerdsUITests */ = {
			isa = PBXNativeTarget;
			buildConfigurationList = AA11F69328ED018300D6567E /* Build configuration list for PBXNativeTarget "bored nerdsUITests" */;
			buildPhases = (
				AA11F67F28ED018300D6567E /* Sources */,
				AA11F68028ED018300D6567E /* Frameworks */,
				AA11F68128ED018300D6567E /* Resources */,
			);
			buildRules = (
			);
			dependencies = (
				AA11F68528ED018300D6567E /* PBXTargetDependency */,
			);
			name = "bored nerdsUITests";
			productName = "bored nerdsUITests";
			productReference = AA11F68328ED018300D6567E /* bored nerdsUITests.xctest */;
			productType = "com.apple.product-type.bundle.ui-testing";
		};
/* End PBXNativeTarget section */

/* Begin PBXProject section */
		AA11F66128ED017500D6567E /* Project object */ = {
			isa = PBXProject;
			attributes = {
				BuildIndependentTargetsInParallel = 1;
				LastSwiftUpdateCheck = 1320;
				LastUpgradeCheck = 1320;
				TargetAttributes = {
					AA11F66828ED017500D6567E = {
						CreatedOnToolsVersion = 13.2.1;
					};
					AA11F67828ED018300D6567E = {
						CreatedOnToolsVersion = 13.2.1;
						TestTargetID = AA11F66828ED017500D6567E;
					};
					AA11F68228ED018300D6567E = {
						CreatedOnToolsVersion = 13.2.1;
						TestTargetID = AA11F66828ED017500D6567E;
					};
				};
			};
			buildConfigurationList = AA11F66428ED017500D6567E /* Build configuration list for PBXProject "bored nerds" */;
			compatibilityVersion = "Xcode 13.0";
			developmentRegion = en;
			hasScannedForEncodings = 0;
			knownRegions = (
				en,
				Base,
			);
			mainGroup = AA11F66028ED017500D6567E;
			packageReferences = (
				AAE68CC128FFAAE5000E3598 /* XCRemoteSwiftPackageReference "ChartView" */,
			);
			productRefGroup = AA11F66A28ED017600D6567E /* Products */;
			projectDirPath = "";
			projectRoot = "";
			targets = (
				AA11F66828ED017500D6567E /* bored nerds */,
				AA11F67828ED018300D6567E /* bored nerdsTests */,
				AA11F68228ED018300D6567E /* bored nerdsUITests */,
			);
		};
/* End PBXProject section */

/* Begin PBXResourcesBuildPhase section */
		AA11F66728ED017500D6567E /* Resources */ = {
			isa = PBXResourcesBuildPhase;
			buildActionMask = 2147483647;
			files = (
				AA11F67128ED018100D6567E /* Assets.xcassets in Resources */,
			);
			runOnlyForDeploymentPostprocessing = 0;
		};
		AA11F67728ED018300D6567E /* Resources */ = {
			isa = PBXResourcesBuildPhase;
			buildActionMask = 2147483647;
			files = (
			);
			runOnlyForDeploymentPostprocessing = 0;
		};
		AA11F68128ED018300D6567E /* Resources */ = {
			isa = PBXResourcesBuildPhase;
			buildActionMask = 2147483647;
			files = (
			);
			runOnlyForDeploymentPostprocessing = 0;
		};
/* End PBXResourcesBuildPhase section */

/* Begin PBXSourcesBuildPhase section */
		AA11F66528ED017500D6567E /* Sources */ = {
			isa = PBXSourcesBuildPhase;
			buildActionMask = 2147483647;
			files = (
				AA527C0028F61137006C7EC8 /* Toolkit.swift in Sources */,
				AA11F66F28ED017600D6567E /* ContentView.swift in Sources */,
				AA4C1B8A28EE609C001D274A /* About.swift in Sources */,
				AA4C1B8E28EE60D0001D274A /* Playground.swift in Sources */,
				AA11F66D28ED017600D6567E /* bored_nerdsApp.swift in Sources */,
				AA4C1B8C28EE60B8001D274A /* Settings.swift in Sources */,
			);
			runOnlyForDeploymentPostprocessing = 0;
		};
		AA11F67528ED018300D6567E /* Sources */ = {
			isa = PBXSourcesBuildPhase;
			buildActionMask = 2147483647;
			files = (
				AA11F67E28ED018300D6567E /* bored_nerdsTests.swift in Sources */,
			);
			runOnlyForDeploymentPostprocessing = 0;
		};
		AA11F67F28ED018300D6567E /* Sources */ = {
			isa = PBXSourcesBuildPhase;
			buildActionMask = 2147483647;
			files = (
				AA11F68A28ED018300D6567E /* bored_nerdsUITestsLaunchTests.swift in Sources */,
				AA11F68828ED018300D6567E /* bored_nerdsUITests.swift in Sources */,
			);
			runOnlyForDeploymentPostprocessing = 0;
		};
/* End PBXSourcesBuildPhase section */

/* Begin PBXTargetDependency section */
		AA11F67B28ED018300D6567E /* PBXTargetDependency */ = {
			isa = PBXTargetDependency;
			target = AA11F66828ED017500D6567E /* bored nerds */;
			targetProxy = AA11F67A28ED018300D6567E /* PBXContainerItemProxy */;
		};
		AA11F68528ED018300D6567E /* PBXTargetDependency */ = {
			isa = PBXTargetDependency;
			target = AA11F66828ED017500D6567E /* bored nerds */;
			targetProxy = AA11F68428ED018300D6567E /* PBXContainerItemProxy */;
		};
/* End PBXTargetDependency section */

/* Begin XCBuildConfiguration section */
		AA11F68B28ED018300D6567E /* Debug */ = {
			isa = XCBuildConfiguration;
			buildSettings = {
				ALWAYS_SEARCH_USER_PATHS = NO;
				CLANG_ANALYZER_NONNULL = YES;
				CLANG_ANALYZER_NUMBER_OBJECT_CONVERSION = YES_AGGRESSIVE;
				CLANG_CXX_LANGUAGE_STANDARD = "gnu++17";
				CLANG_CXX_LIBRARY = "libc++";
				CLANG_ENABLE_MODULES = YES;
				CLANG_ENABLE_OBJC_ARC = YES;
				CLANG_ENABLE_OBJC_WEAK = YES;
				CLANG_WARN_BLOCK_CAPTURE_AUTORELEASING = YES;
				CLANG_WARN_BOOL_CONVERSION = YES;
				CLANG_WARN_COMMA = YES;
				CLANG_WARN_CONSTANT_CONVERSION = YES;
				CLANG_WARN_DEPRECATED_OBJC_IMPLEMENTATIONS = YES;
				CLANG_WARN_DIRECT_OBJC_ISA_USAGE = YES_ERROR;
				CLANG_WARN_DOCUMENTATION_COMMENTS = YES;
				CLANG_WARN_EMPTY_BODY = YES;
				CLANG_WARN_ENUM_CONVERSION = YES;
				CLANG_WARN_INFINITE_RECURSION = YES;
				CLANG_WARN_INT_CONVERSION = YES;
				CLANG_WARN_NON_LITERAL_NULL_CONVERSION = YES;
				CLANG_WARN_OBJC_IMPLICIT_RETAIN_SELF = YES;
				CLANG_WARN_OBJC_LITERAL_CONVERSION = YES;
				CLANG_WARN_OBJC_ROOT_CLASS = YES_ERROR;
				CLANG_WARN_QUOTED_INCLUDE_IN_FRAMEWORK_HEADER = YES;
				CLANG_WARN_RANGE_LOOP_ANALYSIS = YES;
				CLANG_WARN_STRICT_PROTOTYPES = YES;
				CLANG_WARN_SUSPICIOUS_MOVE = YES;
				CLANG_WARN_UNGUARDED_AVAILABILITY = YES_AGGRESSIVE;
				CLANG_WARN_UNREACHABLE_CODE = YES;
				CLANG_WARN__DUPLICATE_METHOD_MATCH = YES;
				COPY_PHASE_STRIP = NO;
				DEBUG_INFORMATION_FORMAT = dwarf;
				ENABLE_STRICT_OBJC_MSGSEND = YES;
				ENABLE_TESTABILITY = YES;
				GCC_C_LANGUAGE_STANDARD = gnu11;
				GCC_DYNAMIC_NO_PIC = NO;
				GCC_NO_COMMON_BLOCKS = YES;
				GCC_OPTIMIZATION_LEVEL = 0;
				GCC_PREPROCESSOR_DEFINITIONS = (
					"DEBUG=1",
					"$(inherited)",
				);
				GCC_WARN_64_TO_32_BIT_CONVERSION = YES;
				GCC_WARN_ABOUT_RETURN_TYPE = YES_ERROR;
				GCC_WARN_UNDECLARED_SELECTOR = YES;
				GCC_WARN_UNINITIALIZED_AUTOS = YES_AGGRESSIVE;
				GCC_WARN_UNUSED_FUNCTION = YES;
				GCC_WARN_UNUSED_VARIABLE = YES;
				IPHONEOS_DEPLOYMENT_TARGET = 15.2;
				MTL_ENABLE_DEBUG_INFO = INCLUDE_SOURCE;
				MTL_FAST_MATH = YES;
				ONLY_ACTIVE_ARCH = YES;
				SDKROOT = iphoneos;
				SWIFT_ACTIVE_COMPILATION_CONDITIONS = DEBUG;
				SWIFT_OPTIMIZATION_LEVEL = "-Onone";
			};
			name = Debug;
		};
		AA11F68C28ED018300D6567E /* Release */ = {
			isa = XCBuildConfiguration;
			buildSettings = {
				ALWAYS_SEARCH_USER_PATHS = NO;
				CLANG_ANALYZER_NONNULL = YES;
				CLANG_ANALYZER_NUMBER_OBJECT_CONVERSION = YES_AGGRESSIVE;
				CLANG_CXX_LANGUAGE_STANDARD = "gnu++17";
				CLANG_CXX_LIBRARY = "libc++";
				CLANG_ENABLE_MODULES = YES;
				CLANG_ENABLE_OBJC_ARC = YES;
				CLANG_ENABLE_OBJC_WEAK = YES;
				CLANG_WARN_BLOCK_CAPTURE_AUTORELEASING = YES;
				CLANG_WARN_BOOL_CONVERSION = YES;
				CLANG_WARN_COMMA = YES;
				CLANG_WARN_CONSTANT_CONVERSION = YES;
				CLANG_WARN_DEPRECATED_OBJC_IMPLEMENTATIONS = YES;
				CLANG_WARN_DIRECT_OBJC_ISA_USAGE = YES_ERROR;
				CLANG_WARN_DOCUMENTATION_COMMENTS = YES;
				CLANG_WARN_EMPTY_BODY = YES;
				CLANG_WARN_ENUM_CONVERSION = YES;
				CLANG_WARN_INFINITE_RECURSION = YES;
				CLANG_WARN_INT_CONVERSION = YES;
				CLANG_WARN_NON_LITERAL_NULL_CONVERSION = YES;
				CLANG_WARN_OBJC_IMPLICIT_RETAIN_SELF = YES;
				CLANG_WARN_OBJC_LITERAL_CONVERSION = YES;
				CLANG_WARN_OBJC_ROOT_CLASS = YES_ERROR;
				CLANG_WARN_QUOTED_INCLUDE_IN_FRAMEWORK_HEADER = YES;
				CLANG_WARN_RANGE_LOOP_ANALYSIS = YES;
				CLANG_WARN_STRICT_PROTOTYPES = YES;
				CLANG_WARN_SUSPICIOUS_MOVE = YES;
				CLANG_WARN_UNGUARDED_AVAILABILITY = YES_AGGRESSIVE;
				CLANG_WARN_UNREACHABLE_CODE = YES;
				CLANG_WARN__DUPLICATE_METHOD_MATCH = YES;
				COPY_PHASE_STRIP = NO;
				DEBUG_INFORMATION_FORMAT = "dwarf-with-dsym";
				ENABLE_NS_ASSERTIONS = NO;
				ENABLE_STRICT_OBJC_MSGSEND = YES;
				GCC_C_LANGUAGE_STANDARD = gnu11;
				GCC_NO_COMMON_BLOCKS = YES;
				GCC_WARN_64_TO_32_BIT_CONVERSION = YES;
				GCC_WARN_ABOUT_RETURN_TYPE = YES_ERROR;
				GCC_WARN_UNDECLARED_SELECTOR = YES;
				GCC_WARN_UNINITIALIZED_AUTOS = YES_AGGRESSIVE;
				GCC_WARN_UNUSED_FUNCTION = YES;
				GCC_WARN_UNUSED_VARIABLE = YES;
				IPHONEOS_DEPLOYMENT_TARGET = 15.2;
				MTL_ENABLE_DEBUG_INFO = NO;
				MTL_FAST_MATH = YES;
				SDKROOT = iphoneos;
				SWIFT_COMPILATION_MODE = wholemodule;
				SWIFT_OPTIMIZATION_LEVEL = "-O";
				VALIDATE_PRODUCT = YES;
			};
			name = Release;
		};
		AA11F68E28ED018300D6567E /* Debug */ = {
			isa = XCBuildConfiguration;
			buildSettings = {
				ASSETCATALOG_COMPILER_APPICON_NAME = AppIcon;
				ASSETCATALOG_COMPILER_GLOBAL_ACCENT_COLOR_NAME = AccentColor;
				CODE_SIGN_STYLE = Automatic;
				CURRENT_PROJECT_VERSION = 1;
				DEVELOPMENT_ASSET_PATHS = "\"bored nerds\"";
				DEVELOPMENT_TEAM = KU2F82PUX8;
				ENABLE_PREVIEWS = YES;
				GENERATE_INFOPLIST_FILE = YES;
				INFOPLIST_KEY_UIApplicationSceneManifest_Generation = YES;
				INFOPLIST_KEY_UIApplicationSupportsIndirectInputEvents = YES;
				INFOPLIST_KEY_UILaunchScreen_Generation = YES;
				INFOPLIST_KEY_UISupportedInterfaceOrientations_iPad = "UIInterfaceOrientationPortrait UIInterfaceOrientationPortraitUpsideDown UIInterfaceOrientationLandscapeLeft UIInterfaceOrientationLandscapeRight";
				INFOPLIST_KEY_UISupportedInterfaceOrientations_iPhone = "UIInterfaceOrientationPortrait UIInterfaceOrientationLandscapeLeft UIInterfaceOrientationLandscapeRight";
				LD_RUNPATH_SEARCH_PATHS = (
					"$(inherited)",
					"@executable_path/Frameworks",
				);
				MARKETING_VERSION = 1.0;
				PRODUCT_BUNDLE_IDENTIFIER = "bored-nerds";
				PRODUCT_NAME = "$(TARGET_NAME)";
				SWIFT_EMIT_LOC_STRINGS = YES;
				SWIFT_VERSION = 5.0;
				TARGETED_DEVICE_FAMILY = "1,2";
			};
			name = Debug;
		};
		AA11F68F28ED018300D6567E /* Release */ = {
			isa = XCBuildConfiguration;
			buildSettings = {
				ASSETCATALOG_COMPILER_APPICON_NAME = AppIcon;
				ASSETCATALOG_COMPILER_GLOBAL_ACCENT_COLOR_NAME = AccentColor;
				CODE_SIGN_STYLE = Automatic;
				CURRENT_PROJECT_VERSION = 1;
				DEVELOPMENT_ASSET_PATHS = "\"bored nerds\"";
				DEVELOPMENT_TEAM = KU2F82PUX8;
				ENABLE_PREVIEWS = YES;
				GENERATE_INFOPLIST_FILE = YES;
				INFOPLIST_KEY_UIApplicationSceneManifest_Generation = YES;
				INFOPLIST_KEY_UIApplicationSupportsIndirectInputEvents = YES;
				INFOPLIST_KEY_UILaunchScreen_Generation = YES;
				INFOPLIST_KEY_UISupportedInterfaceOrientations_iPad = "UIInterfaceOrientationPortrait UIInterfaceOrientationPortraitUpsideDown UIInterfaceOrientationLandscapeLeft UIInterfaceOrientationLandscapeRight";
				INFOPLIST_KEY_UISupportedInterfaceOrientations_iPhone = "UIInterfaceOrientationPortrait UIInterfaceOrientationLandscapeLeft UIInterfaceOrientationLandscapeRight";
				LD_RUNPATH_SEARCH_PATHS = (
					"$(inherited)",
					"@executable_path/Frameworks",
				);
				MARKETING_VERSION = 1.0;
				PRODUCT_BUNDLE_IDENTIFIER = "bored-nerds";
				PRODUCT_NAME = "$(TARGET_NAME)";
				SWIFT_EMIT_LOC_STRINGS = YES;
				SWIFT_VERSION = 5.0;
				TARGETED_DEVICE_FAMILY = "1,2";
			};
			name = Release;
		};
		AA11F69128ED018300D6567E /* Debug */ = {
			isa = XCBuildConfiguration;
			buildSettings = {
				ALWAYS_EMBED_SWIFT_STANDARD_LIBRARIES = YES;
				BUNDLE_LOADER = "$(TEST_HOST)";
				CODE_SIGN_STYLE = Automatic;
				CURRENT_PROJECT_VERSION = 1;
				GENERATE_INFOPLIST_FILE = YES;
				IPHONEOS_DEPLOYMENT_TARGET = 15.2;
				MARKETING_VERSION = 1.0;
				PRODUCT_BUNDLE_IDENTIFIER = "chicken-mani.bored-nerdsTests";
				PRODUCT_NAME = "$(TARGET_NAME)";
				SWIFT_EMIT_LOC_STRINGS = NO;
				SWIFT_VERSION = 5.0;
				TARGETED_DEVICE_FAMILY = "1,2";
				TEST_HOST = "$(BUILT_PRODUCTS_DIR)/bored nerds.app/bored nerds";
			};
			name = Debug;
		};
		AA11F69228ED018300D6567E /* Release */ = {
			isa = XCBuildConfiguration;
			buildSettings = {
				ALWAYS_EMBED_SWIFT_STANDARD_LIBRARIES = YES;
				BUNDLE_LOADER = "$(TEST_HOST)";
				CODE_SIGN_STYLE = Automatic;
				CURRENT_PROJECT_VERSION = 1;
				GENERATE_INFOPLIST_FILE = YES;
				IPHONEOS_DEPLOYMENT_TARGET = 15.2;
				MARKETING_VERSION = 1.0;
				PRODUCT_BUNDLE_IDENTIFIER = "chicken-mani.bored-nerdsTests";
				PRODUCT_NAME = "$(TARGET_NAME)";
				SWIFT_EMIT_LOC_STRINGS = NO;
				SWIFT_VERSION = 5.0;
				TARGETED_DEVICE_FAMILY = "1,2";
				TEST_HOST = "$(BUILT_PRODUCTS_DIR)/bored nerds.app/bored nerds";
			};
			name = Release;
		};
		AA11F69428ED018300D6567E /* Debug */ = {
			isa = XCBuildConfiguration;
			buildSettings = {
				ALWAYS_EMBED_SWIFT_STANDARD_LIBRARIES = YES;
				CODE_SIGN_STYLE = Automatic;
				CURRENT_PROJECT_VERSION = 1;
				GENERATE_INFOPLIST_FILE = YES;
				MARKETING_VERSION = 1.0;
				PRODUCT_BUNDLE_IDENTIFIER = "chicken-mani.bored-nerdsUITests";
				PRODUCT_NAME = "$(TARGET_NAME)";
				SWIFT_EMIT_LOC_STRINGS = NO;
				SWIFT_VERSION = 5.0;
				TARGETED_DEVICE_FAMILY = "1,2";
				TEST_TARGET_NAME = "bored nerds";
			};
			name = Debug;
		};
		AA11F69528ED018300D6567E /* Release */ = {
			isa = XCBuildConfiguration;
			buildSettings = {
				ALWAYS_EMBED_SWIFT_STANDARD_LIBRARIES = YES;
				CODE_SIGN_STYLE = Automatic;
				CURRENT_PROJECT_VERSION = 1;
				GENERATE_INFOPLIST_FILE = YES;
				MARKETING_VERSION = 1.0;
				PRODUCT_BUNDLE_IDENTIFIER = "chicken-mani.bored-nerdsUITests";
				PRODUCT_NAME = "$(TARGET_NAME)";
				SWIFT_EMIT_LOC_STRINGS = NO;
				SWIFT_VERSION = 5.0;
				TARGETED_DEVICE_FAMILY = "1,2";
				TEST_TARGET_NAME = "bored nerds";
			};
			name = Release;
		};
/* End XCBuildConfiguration section */

/* Begin XCConfigurationList section */
		AA11F66428ED017500D6567E /* Build configuration list for PBXProject "bored nerds" */ = {
			isa = XCConfigurationList;
			buildConfigurations = (
				AA11F68B28ED018300D6567E /* Debug */,
				AA11F68C28ED018300D6567E /* Release */,
			);
			defaultConfigurationIsVisible = 0;
			defaultConfigurationName = Release;
		};
		AA11F68D28ED018300D6567E /* Build configuration list for PBXNativeTarget "bored nerds" */ = {
			isa = XCConfigurationList;
			buildConfigurations = (
				AA11F68E28ED018300D6567E /* Debug */,
				AA11F68F28ED018300D6567E /* Release */,
			);
			defaultConfigurationIsVisible = 0;
			defaultConfigurationName = Release;
		};
		AA11F69028ED018300D6567E /* Build configuration list for PBXNativeTarget "bored nerdsTests" */ = {
			isa = XCConfigurationList;
			buildConfigurations = (
				AA11F69128ED018300D6567E /* Debug */,
				AA11F69228ED018300D6567E /* Release */,
			);
			defaultConfigurationIsVisible = 0;
			defaultConfigurationName = Release;
		};
		AA11F69328ED018300D6567E /* Build configuration list for PBXNativeTarget "bored nerdsUITests" */ = {
			isa = XCConfigurationList;
			buildConfigurations = (
				AA11F69428ED018300D6567E /* Debug */,
				AA11F69528ED018300D6567E /* Release */,
			);
			defaultConfigurationIsVisible = 0;
			defaultConfigurationName = Release;
		};
/* End XCConfigurationList section */

/* Begin XCRemoteSwiftPackageReference section */
		AAE68CC128FFAAE5000E3598 /* XCRemoteSwiftPackageReference "ChartView" */ = {
			isa = XCRemoteSwiftPackageReference;
			repositoryURL = "https://github.com/AppPear/ChartView.git";
			requirement = {
				kind = upToNextMajorVersion;
				minimumVersion = 1.0.0;
			};
		};
/* End XCRemoteSwiftPackageReference section */

/* Begin XCSwiftPackageProductDependency section */
		AAE68CC228FFAAE6000E3598 /* SwiftUICharts */ = {
			isa = XCSwiftPackageProductDependency;
			package = AAE68CC128FFAAE5000E3598 /* XCRemoteSwiftPackageReference "ChartView" */;
			productName = SwiftUICharts;
		};
/* End XCSwiftPackageProductDependency section */
	};
	rootObject = AA11F66128ED017500D6567E /* Project object */;
}
